
Microsoft Visual Studio Solution File, Format Version 12.00
# Visual Studio Version 17
VisualStudioVersion = 17.9.34728.123
MinimumVisualStudioVersion = 10.0.40219.1
Project("{2150E333-8FDC-42A3-9474-1A3956D46DE8}") = "Shared", "Shared", "{A337C81E-9160-4575-91B8-5274F31CAC87}"
EndProject
Project("{FAE04EC0-301F-11D3-BF4B-00C04F79EFBC}") = "InOut.Shared", "..\src\Shared\InOut.Shared\InOut.Shared.csproj", "{C2BC5121-8022-46CD-8D86-F098BE14A87F}"
EndProject
Global
	GlobalSection(SolutionConfigurationPlatforms) = preSolution
		Debug|Any CPU = Debug|Any CPU
		Release|Any CPU = Release|Any CPU
	EndGlobalSection
	GlobalSection(ProjectConfigurationPlatforms) = postSolution
		{C2BC5121-8022-46CD-8D86-F098BE14A87F}.Debug|Any CPU.ActiveCfg = Debug|Any CPU
		{C2BC5121-8022-46CD-8D86-F098BE14A87F}.Debug|Any CPU.Build.0 = Debug|Any CPU
		{C2BC5121-8022-46CD-8D86-F098BE14A87F}.Release|Any CPU.ActiveCfg = Release|Any CPU
		{C2BC5121-8022-46CD-8D86-F098BE14A87F}.Release|Any CPU.Build.0 = Release|Any CPU
	EndGlobalSection
	GlobalSection(SolutionProperties) = preSolution
		HideSolutionNode = FALSE
	EndGlobalSection
	GlobalSection(NestedProjects) = preSolution
		{C2BC5121-8022-46CD-8D86-F098BE14A87F} = {A337C81E-9160-4575-91B8-5274F31CAC87}
	EndGlobalSection
	GlobalSection(ExtensibilityGlobals) = postSolution
		SolutionGuid = {C0CE5F78-308C-4E8E-AC1B-64CA75F27D19}
	EndGlobalSection
EndGlobal
